
Microsoft Visual Studio Solution File, Format Version 12.00
# Visual Studio Version 17
VisualStudioVersion = 17.11.35312.102
MinimumVisualStudioVersion = 10.0.40219.1
Project("{9A19103F-16F7-4668-BE54-9A1E7A4F7556}") = "Napiza_Project", "Napiza_Project.csproj", "{18564B8D-9B02-458E-BD75-39B256587C8A}"
EndProject
Project("{FAE04EC0-301F-11D3-BF4B-00C04F79EFBC}") = "EBAR_BL", "ClassLibrary1\EBAR_BL.csproj", "{1BB39EBB-182B-4796-9DC0-E4172EE30839}"
EndProject
Global
	GlobalSection(SolutionConfigurationPlatforms) = preSolution
		Debug|Any CPU = Debug|Any CPU
		Release|Any CPU = Release|Any CPU
	EndGlobalSection
	GlobalSection(ProjectConfigurationPlatforms) = postSolution
		{18564B8D-9B02-458E-BD75-39B256587C8A}.Debug|Any CPU.ActiveCfg = Debug|Any CPU
		{18564B8D-9B02-458E-BD75-39B256587C8A}.Debug|Any CPU.Build.0 = Debug|Any CPU
		{18564B8D-9B02-458E-BD75-39B256587C8A}.Release|Any CPU.ActiveCfg = Release|Any CPU
		{18564B8D-9B02-458E-BD75-39B256587C8A}.Release|Any CPU.Build.0 = Release|Any CPU
		{1BB39EBB-182B-4796-9DC0-E4172EE30839}.Debug|Any CPU.ActiveCfg = Debug|Any CPU
		{1BB39EBB-182B-4796-9DC0-E4172EE30839}.Debug|Any CPU.Build.0 = Debug|Any CPU
		{1BB39EBB-182B-4796-9DC0-E4172EE30839}.Release|Any CPU.ActiveCfg = Release|Any CPU
		{1BB39EBB-182B-4796-9DC0-E4172EE30839}.Release|Any CPU.Build.0 = Release|Any CPU
	EndGlobalSection
	GlobalSection(SolutionProperties) = preSolution
		HideSolutionNode = FALSE
	EndGlobalSection
	GlobalSection(ExtensibilityGlobals) = postSolution
		SolutionGuid = {974CEEF7-F17E-4000-BFC8-5FAA93AA70BC}
	EndGlobalSection
EndGlobal
